
Microsoft Visual Studio Solution File, Format Version 12.00
# Visual Studio Version 17
VisualStudioVersion = 17.3.32929.385
MinimumVisualStudioVersion = 10.0.40219.1
Project("{FAE04EC0-301F-11D3-BF4B-00C04F79EFBC}") = "NQueensProblem", "NQueensProblem.csproj", "{CC3ABF9F-BE14-48E6-815B-D0477811D0BF}"
EndProject
Global
	GlobalSection(SolutionConfigurationPlatforms) = preSolution
		Debug|Any CPU = Debug|Any CPU
		Release|Any CPU = Release|Any CPU
	EndGlobalSection
	GlobalSection(ProjectConfigurationPlatforms) = postSolution
		{CC3ABF9F-BE14-48E6-815B-D0477811D0BF}.Debug|Any CPU.ActiveCfg = Debug|Any CPU
		{CC3ABF9F-BE14-48E6-815B-D0477811D0BF}.Debug|Any CPU.Build.0 = Debug|Any CPU
		{CC3ABF9F-BE14-48E6-815B-D0477811D0BF}.Release|Any CPU.ActiveCfg = Release|Any CPU
		{CC3ABF9F-BE14-48E6-815B-D0477811D0BF}.Release|Any CPU.Build.0 = Release|Any CPU
	EndGlobalSection
	GlobalSection(SolutionProperties) = preSolution
		HideSolutionNode = FALSE
	EndGlobalSection
	GlobalSection(ExtensibilityGlobals) = postSolution
		SolutionGuid = {3E9F2D9C-820F-41A5-8D06-179EB9DA9E9E}
	EndGlobalSection
EndGlobal
